
Microsoft Visual Studio Solution File, Format Version 12.00
# Visual Studio 14
VisualStudioVersion = 14.0.25420.1
MinimumVisualStudioVersion = 10.0.40219.1
Project("{FAE04EC0-301F-11D3-BF4B-00C04F79EFBC}") = "JobManager", "JobManager\JobManager.csproj", "{30F1C714-0252-46B9-AD46-80237961B246}"
EndProject
Project("{FAE04EC0-301F-11D3-BF4B-00C04F79EFBC}") = "JobManager.Tests", "JobManager.Tests\JobManager.Tests.csproj", "{4B27C7F2-0B79-4472-9950-64FA39AAA09C}"
EndProject
Project("{2150E333-8FDC-42A3-9474-1A3956D46DE8}") = "PublishScripts", "PublishScripts", "{6FB7DB74-89E9-451F-9F39-DFA4FFA26E38}"
EndProject
Project("{2150E333-8FDC-42A3-9474-1A3956D46DE8}") = "Scripts", "Scripts", "{95254226-B20A-4D48-B5DA-86E167A92074}"
	ProjectSection(SolutionItems) = preProject
		PublishScripts\Scripts\Deploy-AzureResourceGroup.ps1 = PublishScripts\Scripts\Deploy-AzureResourceGroup.ps1
	EndProjectSection
EndProject
Project("{2150E333-8FDC-42A3-9474-1A3956D46DE8}") = "Templates", "Templates", "{D264B496-D928-4148-BC67-CD3141611DEB}"
	ProjectSection(SolutionItems) = preProject
		PublishScripts\Templates\JobManager.json = PublishScripts\Templates\JobManager.json
		PublishScripts\Templates\JobManager.param.dev.json = PublishScripts\Templates\JobManager.param.dev.json
	EndProjectSection
EndProject
Project("{FAE04EC0-301F-11D3-BF4B-00C04F79EFBC}") = "BTLib", "BTLib\BTLib.csproj", "{33A4F83E-538B-48FC-8454-F7C26253DB08}"
EndProject
Project("{FAE04EC0-301F-11D3-BF4B-00C04F79EFBC}") = "MarketingTools", "MarketingTools\MarketingTools.csproj", "{30382A0F-7C7B-4599-9121-B6AC3C2E2AD5}"
EndProject
Project("{FAE04EC0-301F-11D3-BF4B-00C04F79EFBC}") = "MarketingTools.Tests", "MarketingTools.Tests\MarketingTools.Tests.csproj", "{EC384C67-0E98-4E93-8316-C79D2983F39B}"
EndProject
Project("{FAE04EC0-301F-11D3-BF4B-00C04F79EFBC}") = "RewardsProgram", "RewardsProgram\RewardsProgram.csproj", "{EEF855CA-7C50-4353-98B8-19118475D313}"
EndProject
Project("{FAE04EC0-301F-11D3-BF4B-00C04F79EFBC}") = "RewardsProgram.Tests", "RewardsProgram.Tests\RewardsProgram.Tests.csproj", "{450E3221-712D-417D-913A-4014B1E93CB4}"
EndProject
Project("{FAE04EC0-301F-11D3-BF4B-00C04F79EFBC}") = "ConsoleAdminTester", "ConsoleAdminTester\ConsoleAdminTester.csproj", "{65F06D04-9E85-4874-A255-654BFCB51D1F}"
EndProject
Global
	GlobalSection(SolutionConfigurationPlatforms) = preSolution
		Debug|Any CPU = Debug|Any CPU
		Release|Any CPU = Release|Any CPU
	EndGlobalSection
	GlobalSection(ProjectConfigurationPlatforms) = postSolution
		{30F1C714-0252-46B9-AD46-80237961B246}.Debug|Any CPU.ActiveCfg = Debug|Any CPU
		{30F1C714-0252-46B9-AD46-80237961B246}.Debug|Any CPU.Build.0 = Debug|Any CPU
		{30F1C714-0252-46B9-AD46-80237961B246}.Release|Any CPU.ActiveCfg = Release|Any CPU
		{30F1C714-0252-46B9-AD46-80237961B246}.Release|Any CPU.Build.0 = Release|Any CPU
		{4B27C7F2-0B79-4472-9950-64FA39AAA09C}.Debug|Any CPU.ActiveCfg = Debug|Any CPU
		{4B27C7F2-0B79-4472-9950-64FA39AAA09C}.Debug|Any CPU.Build.0 = Debug|Any CPU
		{4B27C7F2-0B79-4472-9950-64FA39AAA09C}.Release|Any CPU.ActiveCfg = Release|Any CPU
		{4B27C7F2-0B79-4472-9950-64FA39AAA09C}.Release|Any CPU.Build.0 = Release|Any CPU
		{33A4F83E-538B-48FC-8454-F7C26253DB08}.Debug|Any CPU.ActiveCfg = Debug|Any CPU
		{33A4F83E-538B-48FC-8454-F7C26253DB08}.Debug|Any CPU.Build.0 = Debug|Any CPU
		{33A4F83E-538B-48FC-8454-F7C26253DB08}.Release|Any CPU.ActiveCfg = Release|Any CPU
		{33A4F83E-538B-48FC-8454-F7C26253DB08}.Release|Any CPU.Build.0 = Release|Any CPU
		{30382A0F-7C7B-4599-9121-B6AC3C2E2AD5}.Debug|Any CPU.ActiveCfg = Debug|Any CPU
		{30382A0F-7C7B-4599-9121-B6AC3C2E2AD5}.Debug|Any CPU.Build.0 = Debug|Any CPU
		{30382A0F-7C7B-4599-9121-B6AC3C2E2AD5}.Release|Any CPU.ActiveCfg = Release|Any CPU
		{30382A0F-7C7B-4599-9121-B6AC3C2E2AD5}.Release|Any CPU.Build.0 = Release|Any CPU
		{EC384C67-0E98-4E93-8316-C79D2983F39B}.Debug|Any CPU.ActiveCfg = Debug|Any CPU
		{EC384C67-0E98-4E93-8316-C79D2983F39B}.Debug|Any CPU.Build.0 = Debug|Any CPU
		{EC384C67-0E98-4E93-8316-C79D2983F39B}.Release|Any CPU.ActiveCfg = Release|Any CPU
		{EC384C67-0E98-4E93-8316-C79D2983F39B}.Release|Any CPU.Build.0 = Release|Any CPU
		{EEF855CA-7C50-4353-98B8-19118475D313}.Debug|Any CPU.ActiveCfg = Debug|Any CPU
		{EEF855CA-7C50-4353-98B8-19118475D313}.Debug|Any CPU.Build.0 = Debug|Any CPU
		{EEF855CA-7C50-4353-98B8-19118475D313}.Release|Any CPU.ActiveCfg = Release|Any CPU
		{EEF855CA-7C50-4353-98B8-19118475D313}.Release|Any CPU.Build.0 = Release|Any CPU
		{450E3221-712D-417D-913A-4014B1E93CB4}.Debug|Any CPU.ActiveCfg = Debug|Any CPU
		{450E3221-712D-417D-913A-4014B1E93CB4}.Debug|Any CPU.Build.0 = Debug|Any CPU
		{450E3221-712D-417D-913A-4014B1E93CB4}.Release|Any CPU.ActiveCfg = Release|Any CPU
		{450E3221-712D-417D-913A-4014B1E93CB4}.Release|Any CPU.Build.0 = Release|Any CPU
		{65F06D04-9E85-4874-A255-654BFCB51D1F}.Debug|Any CPU.ActiveCfg = Debug|Any CPU
		{65F06D04-9E85-4874-A255-654BFCB51D1F}.Debug|Any CPU.Build.0 = Debug|Any CPU
		{65F06D04-9E85-4874-A255-654BFCB51D1F}.Release|Any CPU.ActiveCfg = Release|Any CPU
		{65F06D04-9E85-4874-A255-654BFCB51D1F}.Release|Any CPU.Build.0 = Release|Any CPU
	EndGlobalSection
	GlobalSection(SolutionProperties) = preSolution
		HideSolutionNode = FALSE
	EndGlobalSection
	GlobalSection(NestedProjects) = preSolution
		{95254226-B20A-4D48-B5DA-86E167A92074} = {6FB7DB74-89E9-451F-9F39-DFA4FFA26E38}
		{D264B496-D928-4148-BC67-CD3141611DEB} = {6FB7DB74-89E9-451F-9F39-DFA4FFA26E38}
	EndGlobalSection
EndGlobal
